# THIS IS AN AUTOGENERATED FILE. DO NOT EDIT THIS FILE DIRECTLY.
# yarn lockfile v1


"@alloc/quick-lru@^5.2.0":
  version "5.2.0"
  resolved "https://registry.npmjs.org/@alloc/quick-lru/-/quick-lru-5.2.0.tgz"
  integrity sha512-UrcABB+4bUrFABwbluTIBErXwvbsU/V7TZWfmbgJfbkwiBuziS9gxdODUyuiecfdGQ85jglMW6juS3+z5TsKLw==

"@ampproject/remapping@^2.3.0":
  version "2.3.0"
  dependencies:
    "@jridgewell/gen-mapping" "^0.3.5"
    "@jridgewell/trace-mapping" "^0.3.24"

"@antfu/install-pkg@^1.0.0":
  version "1.1.0"
  dependencies:
    package-manager-detector "^1.3.0"
    tinyexec "^1.0.1"

"@antfu/utils@^8.1.0":
  version "8.1.1"
  resolved "https://registry.npmjs.org/@antfu/utils/-/utils-8.1.1.tgz"
  integrity sha512-Mex9nXf9vR6AhcXmMrlz/HVgYYZpVGJ6YlPgwl7UnaFpnshXs6EK/oa5Gpf3CzENMjkvEx2tQtntGnb7UtSTOQ==

"@esbuild/linux-x64@0.25.5":
  version "0.25.5"

"@floating-ui/core@^1.7.1":
  version "1.7.1"
  dependencies:
    "@floating-ui/utils" "^0.2.9"

"@floating-ui/dom@^1.6.13":
  version "1.7.1"
  dependencies:
    "@floating-ui/core" "^1.7.1"
    "@floating-ui/utils" "^0.2.9"

"@floating-ui/utils@^0.2.9":
  version "0.2.9"
  resolved "https://registry.npmjs.org/@floating-ui/utils/-/utils-0.2.9.tgz"
  integrity sha512-MDWhGtE+eHw5JW7lq4qhc5yRLS11ERl1c7Z6Xd0a58DozHES6EnNNwUWbMiG4J9Cgj053Bhk8zvlhFYKVhULwg==

"@iconify-json/tabler@^1.2.19":
  version "1.2.19"
  dependencies:
    "@iconify/types" "*"

"@iconify/json@^2.2.352":
  version "2.2.352"
  dependencies:
    "@iconify/types" "*"
    pathe "^1.1.2"

"@iconify/tailwind4@^1.0.6":
  version "1.0.6"
  resolved "https://registry.npmjs.org/@iconify/tailwind4/-/tailwind4-1.0.6.tgz"
  integrity sha512-43ZXe+bC7CuE2LCgROdqbQeFYJi/J7L/k1UpSy8KDQlWVsWxPzLSWbWhlJx4uRYLOh1NRyw02YlDOgzBOFNd+A==
  dependencies:
    "@iconify/types" "^2.0.0"
    "@iconify/utils" "^2.2.1"

"@iconify/types@*", "@iconify/types@^2.0.0":
  version "2.0.0"
  resolved "https://registry.npmjs.org/@iconify/types/-/types-2.0.0.tgz"
  integrity sha512-+wluvCrRhXrhyOmRDJ3q8mux9JkKy5SJ/v8ol2tu4FVjyYvtEzkc/3pK15ET6RKg4b4w4BmTk1+gsCUhf21Ykg==

"@iconify/utils@^2.2.1":
  version "2.3.0"
  resolved "https://registry.npmjs.org/@iconify/utils/-/utils-2.3.0.tgz"
  integrity sha512-GmQ78prtwYW6EtzXRU1rY+KwOKfz32PD7iJh6Iyqw68GiKuoZ2A6pRtzWONz5VQJbp50mEjXh/7NkumtrAgRKA==
  dependencies:
    "@antfu/install-pkg" "^1.0.0"
    "@antfu/utils" "^8.1.0"
    "@iconify/types" "^2.0.0"
    debug "^4.4.0"
    globals "^15.14.0"
    kolorist "^1.8.0"
    local-pkg "^1.0.0"
    mlly "^1.7.4"

"@isaacs/fs-minipass@^4.0.0":
  version "4.0.1"
  dependencies:
    minipass "^7.0.4"

"@jridgewell/gen-mapping@^0.3.5":
  version "0.3.8"
  dependencies:
    "@jridgewell/set-array" "^1.2.1"
    "@jridgewell/sourcemap-codec" "^1.4.10"
    "@jridgewell/trace-mapping" "^0.3.24"

"@jridgewell/resolve-uri@^3.1.0":
  version "3.1.2"

"@jridgewell/set-array@^1.2.1":
  version "1.2.1"

"@jridgewell/sourcemap-codec@^1.4.10", "@jridgewell/sourcemap-codec@^1.4.14", "@jridgewell/sourcemap-codec@^1.5.0":
  version "1.5.0"

"@jridgewell/trace-mapping@^0.3.24":
  version "0.3.25"
  dependencies:
    "@jridgewell/resolve-uri" "^3.1.0"
    "@jridgewell/sourcemap-codec" "^1.4.14"

"@rollup/rollup-linux-x64-gnu@4.43.0":
  version "4.43.0"

"@rollup/rollup-linux-x64-musl@4.43.0":
  version "4.43.0"

"@svgdotjs/svg.draggable.js@^3.0.4":
  version "3.0.6"
  resolved "https://registry.npmjs.org/@svgdotjs/svg.draggable.js/-/svg.draggable.js-3.0.6.tgz"
  integrity sha512-7iJFm9lL3C40HQcqzEfezK2l+dW2CpoVY3b77KQGqc8GXWa6LhhmX5Ckv7alQfUXBuZbjpICZ+Dvq1czlGx7gA==

"@svgdotjs/svg.filter.js@^3.0.8":
  version "3.0.9"
  resolved "https://registry.npmjs.org/@svgdotjs/svg.filter.js/-/svg.filter.js-3.0.9.tgz"
  integrity sha512-/69XMRCDoam2HgC4ldHIaDgeQf1ViHIsa0Ld4uWgiXtZ+E24DWHe/9Ib6kbNiZ7WRIdlVokUDR1Fg0kjIpkfbw==
  dependencies:
    "@svgdotjs/svg.js" "^3.2.4"

"@svgdotjs/svg.js@^3.2.4":
  version "3.2.4"
  resolved "https://registry.npmjs.org/@svgdotjs/svg.js/-/svg.js-3.2.4.tgz"
  integrity sha512-BjJ/7vWNowlX3Z8O4ywT58DqbNRyYlkk6Yz/D13aB7hGmfQTvGX4Tkgtm/ApYlu9M7lCQi15xUEidqMUmdMYwg==

"@svgdotjs/svg.resize.js@^2.0.2":
  version "2.0.5"
  resolved "https://registry.npmjs.org/@svgdotjs/svg.resize.js/-/svg.resize.js-2.0.5.tgz"
  integrity sha512-4heRW4B1QrJeENfi7326lUPYBCevj78FJs8kfeDxn5st0IYPIRXoTtOSYvTzFWgaWWXd3YCDE6ao4fmv91RthA==

"@svgdotjs/svg.select.js@^4.0.1":
  version "4.0.3"

"@tailwindcss/forms@^0.5.10":
  version "0.5.10"
  dependencies:
    mini-svg-data-uri "^1.2.3"

"@tailwindcss/node@4.1.11":
  version "4.1.11"
  dependencies:
    "@ampproject/remapping" "^2.3.0"
    enhanced-resolve "^5.18.1"
    jiti "^2.4.2"
    lightningcss "1.30.1"
    magic-string "^0.30.17"
    source-map-js "^1.2.1"
    tailwindcss "4.1.11"

"@tailwindcss/oxide-linux-x64-gnu@4.1.11":
  version "4.1.11"

"@tailwindcss/oxide-linux-x64-musl@4.1.11":
  version "4.1.11"

"@tailwindcss/oxide@4.1.11":
  version "4.1.11"
  dependencies:
    detect-libc "^2.0.4"
    tar "^7.4.3"
  optionalDependencies:
    "@tailwindcss/oxide-android-arm64" "4.1.11"
    "@tailwindcss/oxide-darwin-arm64" "4.1.11"
    "@tailwindcss/oxide-darwin-x64" "4.1.11"
    "@tailwindcss/oxide-freebsd-x64" "4.1.11"
    "@tailwindcss/oxide-linux-arm-gnueabihf" "4.1.11"
    "@tailwindcss/oxide-linux-arm64-gnu" "4.1.11"
    "@tailwindcss/oxide-linux-arm64-musl" "4.1.11"
    "@tailwindcss/oxide-linux-x64-gnu" "4.1.11"
    "@tailwindcss/oxide-linux-x64-musl" "4.1.11"
    "@tailwindcss/oxide-wasm32-wasi" "4.1.11"
    "@tailwindcss/oxide-win32-arm64-msvc" "4.1.11"
    "@tailwindcss/oxide-win32-x64-msvc" "4.1.11"

"@tailwindcss/postcss@^4.1.11":
  version "4.1.11"
  dependencies:
    "@alloc/quick-lru" "^5.2.0"
    "@tailwindcss/node" "4.1.11"
    "@tailwindcss/oxide" "4.1.11"
    postcss "^8.4.41"
    tailwindcss "4.1.11"

"@tailwindcss/typography@^0.5.16":
  version "0.5.16"
  dependencies:
    lodash.castarray "^4.4.0"
    lodash.isplainobject "^4.0.6"
    lodash.merge "^4.6.2"
    postcss-selector-parser "6.0.10"

"@tsparticles/basic@3.8.1":
  version "3.8.1"
  resolved "https://registry.npmjs.org/@tsparticles/basic/-/basic-3.8.1.tgz"
  integrity sha512-my114zRmekT/+I2cGuEnHxlX5G/jO0iVtNnsxxlsgspXUTSY+fDixmrNF4UgFkuaIwd9Bv/yH+7S/4HE4qte7A==
  dependencies:
    "@tsparticles/engine" "3.8.1"
    "@tsparticles/move-base" "3.8.1"
    "@tsparticles/plugin-hex-color" "3.8.1"
    "@tsparticles/plugin-hsl-color" "3.8.1"
    "@tsparticles/plugin-rgb-color" "3.8.1"
    "@tsparticles/shape-circle" "3.8.1"
    "@tsparticles/updater-color" "3.8.1"
    "@tsparticles/updater-opacity" "3.8.1"
    "@tsparticles/updater-out-modes" "3.8.1"
    "@tsparticles/updater-size" "3.8.1"

"@tsparticles/confetti@^3.8.1":
  version "3.8.1"
  resolved "https://registry.npmjs.org/@tsparticles/confetti/-/confetti-3.8.1.tgz"
  integrity sha512-ahtLeGiPwTXiWFAEnJHTOIFteYwjRJDpPEr4ohMSEHWD8Y0HkgtLQMzWgWMGYH/Q+ibi6DR5RGhXq6ndWkj/ag==
  dependencies:
    "@tsparticles/basic" "3.8.1"
    "@tsparticles/engine" "3.8.1"
    "@tsparticles/plugin-emitters" "3.8.1"
    "@tsparticles/plugin-motion" "3.8.1"
    "@tsparticles/shape-cards" "3.8.1"
    "@tsparticles/shape-emoji" "3.8.1"
    "@tsparticles/shape-heart" "3.8.1"
    "@tsparticles/shape-image" "3.8.1"
    "@tsparticles/shape-polygon" "3.8.1"
    "@tsparticles/shape-square" "3.8.1"
    "@tsparticles/shape-star" "3.8.1"
    "@tsparticles/updater-life" "3.8.1"
    "@tsparticles/updater-roll" "3.8.1"
    "@tsparticles/updater-rotate" "3.8.1"
    "@tsparticles/updater-tilt" "3.8.1"
    "@tsparticles/updater-wobble" "3.8.1"

"@tsparticles/engine@3.8.1":
  version "3.8.1"
  resolved "https://registry.npmjs.org/@tsparticles/engine/-/engine-3.8.1.tgz"
  integrity sha512-S8h10nuZfElY7oih//NUHnT5qf4v3/dnsU8CMs7dz5lBEGr3amrYrXk0V+YKPTIQwfdmJHUaSBoAqFiv4aEGIA==

"@tsparticles/move-base@3.8.1":
  version "3.8.1"
  resolved "https://registry.npmjs.org/@tsparticles/move-base/-/move-base-3.8.1.tgz"
  integrity sha512-DNFRL1QT8ZQYLg3fIk74EbHJq5HGOq9CM2bCci9dDcdymvN4L7aWVFQavRiWDbi3y1EUW3+jeHSMbD3qHAfOeA==
  dependencies:
    "@tsparticles/engine" "3.8.1"

"@tsparticles/plugin-emitters@3.8.1":
  version "3.8.1"
  resolved "https://registry.npmjs.org/@tsparticles/plugin-emitters/-/plugin-emitters-3.8.1.tgz"
  integrity sha512-PGldE3OHs1hsZM6a8qHpXvKIMhaWAqZNwq8v7FwgJGxikXVvYtkKSaWslTpID3hYvtB6+whKig2uWURmq2TUsg==
  dependencies:
    "@tsparticles/engine" "3.8.1"

"@tsparticles/plugin-hex-color@3.8.1":
  version "3.8.1"
  resolved "https://registry.npmjs.org/@tsparticles/plugin-hex-color/-/plugin-hex-color-3.8.1.tgz"
  integrity sha512-AmgB7XIYBCvg5HcqYb19YpcjEx2k4DpU2e24n0rradDDeqKKcz7EWI/08FlAnDb5HUs1em63vaAanl1vdm3+OA==
  dependencies:
    "@tsparticles/engine" "3.8.1"

"@tsparticles/plugin-hsl-color@3.8.1":
  version "3.8.1"
  resolved "https://registry.npmjs.org/@tsparticles/plugin-hsl-color/-/plugin-hsl-color-3.8.1.tgz"
  integrity sha512-Ja6oEX6yu0064e4a+Fv1TBJiG5y0hqWwoOKSqf/Ra/zo01ageOEvDVX70FOVSrP+iEPGPznKVNcZs1tEOOvO0g==
  dependencies:
    "@tsparticles/engine" "3.8.1"

"@tsparticles/plugin-motion@3.8.1":
  version "3.8.1"
  resolved "https://registry.npmjs.org/@tsparticles/plugin-motion/-/plugin-motion-3.8.1.tgz"
  integrity sha512-UL/C1OKlysSdNf4ZMz8va1IaGbFuAAZE2hbkEE8B9It0N6Su3SyZtfssSDDQGAU4UQLmwRFd1HQ1M452X7d5+A==
  dependencies:
    "@tsparticles/engine" "3.8.1"

"@tsparticles/plugin-rgb-color@3.8.1":
  version "3.8.1"
  resolved "https://registry.npmjs.org/@tsparticles/plugin-rgb-color/-/plugin-rgb-color-3.8.1.tgz"
  integrity sha512-xNLqnaFUYjU+7dCHQXjZdM4UojUAVorPVmXlYmkh1xmujLljEaFTwCg1UJVlNq+fXENIFkeaf3/XT0U/q0ZBTA==
  dependencies:
    "@tsparticles/engine" "3.8.1"

"@tsparticles/shape-cards@3.8.1":
  version "3.8.1"
  resolved "https://registry.npmjs.org/@tsparticles/shape-cards/-/shape-cards-3.8.1.tgz"
  integrity sha512-RpShXeYERR23mxoMOMQfCuewZveH0+3c4IvJCJFzXLadGTLdfbZyhCZVv1+v2nS9rDAacnRK7hJRwM2qOph4TA==
  dependencies:
    "@tsparticles/engine" "3.8.1"

"@tsparticles/shape-circle@3.8.1":
  version "3.8.1"
  resolved "https://registry.npmjs.org/@tsparticles/shape-circle/-/shape-circle-3.8.1.tgz"
  integrity sha512-dM/f+qcpd8/KfviuVuKiTS8KLDE/T7xxHK7EI2S49yPW6yrJJBXdL7T4N9/n/6PF+Wslcl+kf/eTDjEAI3WjNQ==
  dependencies:
    "@tsparticles/engine" "3.8.1"

"@tsparticles/shape-emoji@3.8.1":
  version "3.8.1"
  resolved "https://registry.npmjs.org/@tsparticles/shape-emoji/-/shape-emoji-3.8.1.tgz"
  integrity sha512-xiXNZ/afdecengUXhOqgUwR+vysgaseVpzEjoGoliOMWq4WHWv+S6ujNfes2oz3x736mTlvKdXcEWRncSXaKWw==
  dependencies:
    "@tsparticles/engine" "3.8.1"

"@tsparticles/shape-heart@3.8.1":
  version "3.8.1"
  resolved "https://registry.npmjs.org/@tsparticles/shape-heart/-/shape-heart-3.8.1.tgz"
  integrity sha512-mUk3ZMp/f7FXDL3LseaDCTDaJSnWdja/MGwUOaGPNoyr0GwjeRxYUB0aSo+clpUiFEjJKAuzbgnGOc+AXokpvw==
  dependencies:
    "@tsparticles/engine" "3.8.1"

"@tsparticles/shape-image@3.8.1":
  version "3.8.1"
  resolved "https://registry.npmjs.org/@tsparticles/shape-image/-/shape-image-3.8.1.tgz"
  integrity sha512-7Yi25uLXvcY5A6TzyVBjYPsTmeTrE+0a2YO8kdp3O7V9NRGCSfXKnPRFp+lNOTiQRRvOG+SSzx2G18dfc/jwQg==
  dependencies:
    "@tsparticles/engine" "3.8.1"

"@tsparticles/shape-polygon@3.8.1":
  version "3.8.1"
  resolved "https://registry.npmjs.org/@tsparticles/shape-polygon/-/shape-polygon-3.8.1.tgz"
  integrity sha512-1pAx85NJbgmsOngl+ZAYH8vxwPJmoddjWCbWTD0wlp/x+2NRjn1iaGBKObPKLgwVzsAXb9qNHMsUX/x0C54svw==
  dependencies:
    "@tsparticles/engine" "3.8.1"

"@tsparticles/shape-square@3.8.1":
  version "3.8.1"
  resolved "https://registry.npmjs.org/@tsparticles/shape-square/-/shape-square-3.8.1.tgz"
  integrity sha512-4cjDt6542dkc15zxG1VYT7ScgPXM3+5VGtwMfh5CYNBx+GZZ3R+XUo1Q66JadcqKcNdHXfMWbXCMxs0GaiTtSw==
  dependencies:
    "@tsparticles/engine" "3.8.1"

"@tsparticles/shape-star@3.8.1":
  version "3.8.1"
  resolved "https://registry.npmjs.org/@tsparticles/shape-star/-/shape-star-3.8.1.tgz"
  integrity sha512-wBxnawqan/ocguNxY6cOEXF+YVnLIUmGBlnVGYx/7U9E2UHuHEKkoumob4fUflKISjvj5eQLpm/E1eUfYMd6RA==
  dependencies:
    "@tsparticles/engine" "3.8.1"

"@tsparticles/updater-color@3.8.1":
  version "3.8.1"
  resolved "https://registry.npmjs.org/@tsparticles/updater-color/-/updater-color-3.8.1.tgz"
  integrity sha512-HKrZzrF8YJ+TD+FdIwaWOPV565bkBhe+Ewj7CwKblG7H/SG+C6n1xIYobXkGP5pYkkQ+Cm1UV/Aq0Ih7sa+rJg==
  dependencies:
    "@tsparticles/engine" "3.8.1"

"@tsparticles/updater-life@3.8.1":
  version "3.8.1"
  resolved "https://registry.npmjs.org/@tsparticles/updater-life/-/updater-life-3.8.1.tgz"
  integrity sha512-5rCFFKD7js1lKgTpKOLo2OfmisWp4qqMVUVR4bNPeR0Ne/dcwDbKDzWyYS2AMsvWv/gcTTtWiarRfAiVQ5HtNg==
  dependencies:
    "@tsparticles/engine" "3.8.1"

"@tsparticles/updater-opacity@3.8.1":
  version "3.8.1"
  resolved "https://registry.npmjs.org/@tsparticles/updater-opacity/-/updater-opacity-3.8.1.tgz"
  integrity sha512-41dJ0T7df7AUFFkV9yU0buUfUwh+hLYcViXxkDy+6CJiiNCNZ4H404w1DTpBQLL4fbxUcDk9BXZLV7gkE2OfAw==
  dependencies:
    "@tsparticles/engine" "3.8.1"

"@tsparticles/updater-out-modes@3.8.1":
  version "3.8.1"
  resolved "https://registry.npmjs.org/@tsparticles/updater-out-modes/-/updater-out-modes-3.8.1.tgz"
  integrity sha512-BY8WqQwoDFpgPybwTzBU2GnxtRkjWnGStqBnR53x5+f1j7geTSY6WjcOvl1W+IkjtwtjiifriwBl41EbqMrjdQ==
  dependencies:
    "@tsparticles/engine" "3.8.1"

"@tsparticles/updater-roll@3.8.1":
  version "3.8.1"
  resolved "https://registry.npmjs.org/@tsparticles/updater-roll/-/updater-roll-3.8.1.tgz"
  integrity sha512-KYFTfMr8/M5pYBJFUFVrkogJURtKO5ogNSocOCf0v2QLMsbT5+OKNO7CLtxPZD98vTGRD3CHlt53/PF0tSesDA==
  dependencies:
    "@tsparticles/engine" "3.8.1"

"@tsparticles/updater-rotate@3.8.1":
  version "3.8.1"
  resolved "https://registry.npmjs.org/@tsparticles/updater-rotate/-/updater-rotate-3.8.1.tgz"
  integrity sha512-gpI07H1+diuuUdhJsQ1RlfHSD3fzBJrjyuwGuoXgHmvKzak6EWKpYfUMOraH4Dm41m/4kJZelle4nST+NpIuoA==
  dependencies:
    "@tsparticles/engine" "3.8.1"

"@tsparticles/updater-size@3.8.1":
  version "3.8.1"
  resolved "https://registry.npmjs.org/@tsparticles/updater-size/-/updater-size-3.8.1.tgz"
  integrity sha512-SC2ZxewtpwKadCalotK6x2YanxRO3hTMW1Rxzx9V2rcjAIgh/Nw49Vuithy2TDq8RtTc9rHDAPic2vMQ/lYQwA==
  dependencies:
    "@tsparticles/engine" "3.8.1"

"@tsparticles/updater-tilt@3.8.1":
  version "3.8.1"
  resolved "https://registry.npmjs.org/@tsparticles/updater-tilt/-/updater-tilt-3.8.1.tgz"
  integrity sha512-qMVd/sjrAds8m6vXFH5YKN8zrQR9SLdn5N5EvHx/JuKpOut4NhG85u8AEJL6ct1g7hY8Zj9kfi/dDSSovkaHhw==
  dependencies:
    "@tsparticles/engine" "3.8.1"

"@tsparticles/updater-wobble@3.8.1":
  version "3.8.1"
  resolved "https://registry.npmjs.org/@tsparticles/updater-wobble/-/updater-wobble-3.8.1.tgz"
  integrity sha512-PkjVgeSkW0EebJQ9PdpwSMWU2fAvKsVSuH4KGmodYlgGkH0/zvKjMOPMEI6YRAor1/vF1soFyLYp9Vax7Ae13g==
  dependencies:
    "@tsparticles/engine" "3.8.1"

"@types/estree@1.0.7":
  version "1.0.7"
  resolved "https://registry.npmjs.org/@types/estree/-/estree-1.0.7.tgz"
  integrity sha512-w28IoSUCJpidD/TGviZwwMJckNESJZXFu7NBZ5YJ4mEUnNraUn9Pm8HSZm/jDF1pDWYKspWE7oVphigUPRakIQ==

"@vue/reactivity@~3.1.1":
  version "3.1.5"
  resolved "https://registry.npmjs.org/@vue/reactivity/-/reactivity-3.1.5.tgz"
  integrity sha512-1tdfLmNjWG6t/CsPldh+foumYFo3cpyCHgBYQ34ylaMsJ+SNHQ1kApMIa8jN+i593zQuaw3AdWH0nJTARzCFhg==
  dependencies:
    "@vue/shared" "3.1.5"

"@vue/shared@3.1.5":
  version "3.1.5"
  resolved "https://registry.npmjs.org/@vue/shared/-/shared-3.1.5.tgz"
  integrity sha512-oJ4F3TnvpXaQwZJNF3ZK+kLPHKarDmJjJ6jyzVNDKH9md1dptjC7lWR//jrGuLdek/U6iltWxqAnYOu8gCiOvA==

"@yr/monotone-cubic-spline@^1.0.3":
  version "1.0.3"
  resolved "https://registry.npmjs.org/@yr/monotone-cubic-spline/-/monotone-cubic-spline-1.0.3.tgz"
  integrity sha512-FQXkOta0XBSUPHndIKON2Y9JeQz5ZeMqLYZVVK93FliNBFm7LNMIZmY6FrMEB9XPcDbE2bekMbZD6kzDkxwYjA==

acorn@^8.14.0:
  version "8.15.0"

alpinejs@^3.14.9:
  version "3.14.9"
  dependencies:
    "@vue/reactivity" "~3.1.1"

ansi-regex@^5.0.1:
  version "5.0.1"
  resolved "https://registry.npmjs.org/ansi-regex/-/ansi-regex-5.0.1.tgz"
  integrity sha512-quJQXlTSUGL2LH9SUXo8VwsY4soanhgo6LNSm84E1LBcE8s3O0wpdiRzyR9z/ZZJMlMWv37qOOb9pdJlMUEKFQ==

ansi-styles@^4.0.0, ansi-styles@^4.1.0:
  version "4.3.0"
  resolved "https://registry.npmjs.org/ansi-styles/-/ansi-styles-4.3.0.tgz"
  integrity sha512-zbB9rCJAT1rbjiVDb2hqKFHNYLxgtk8NURxZ3IZwD3F6NtxbXZQCnnSi1Lkx+IDohdPlFp222wVALIheZJQSEg==
  dependencies:
    color-convert "^2.0.1"

apexcharts@^4.7.0:
  version "4.7.0"
  dependencies:
    "@svgdotjs/svg.draggable.js" "^3.0.4"
    "@svgdotjs/svg.filter.js" "^3.0.8"
    "@svgdotjs/svg.js" "^3.2.4"
    "@svgdotjs/svg.resize.js" "^2.0.2"
    "@svgdotjs/svg.select.js" "^4.0.1"
    "@yr/monotone-cubic-spline" "^1.0.3"

asynckit@^0.4.0:
  version "0.4.0"
  resolved "https://registry.npmjs.org/asynckit/-/asynckit-0.4.0.tgz"
  integrity sha512-Oei9OH4tRh0YqU3GxhX79dM/mwVgvbZJaSNaRk+bshkj0S5cfHcgYakreBjrHwatXKbz+IoIdYLxrKim2MjW0Q==

axios@^1.10.0:
  version "1.10.0"
  dependencies:
    follow-redirects "^1.15.6"
    form-data "^4.0.0"
    proxy-from-env "^1.1.0"

call-bind-apply-helpers@^1.0.1, call-bind-apply-helpers@^1.0.2:
  version "1.0.2"
  resolved "https://registry.npmjs.org/call-bind-apply-helpers/-/call-bind-apply-helpers-1.0.2.tgz"
  integrity sha512-Sp1ablJ0ivDkSzjcaJdxEunN5/XvksFJ2sMBFfq6x0ryhQV/2b/KwFe21cMpmHtPOSij8K99/wSfoEuTObmuMQ==
  dependencies:
    es-errors "^1.3.0"
    function-bind "^1.1.2"

chalk@^4.1.2:
  version "4.1.2"
  resolved "https://registry.npmjs.org/chalk/-/chalk-4.1.2.tgz"
  integrity sha512-oKnbhFyRIXpUuez8iBMmyEa4nbj4IOQyuhc/wy9kY7/WVPcwIO9VA668Pu8RkO7+0G76SLROeyw9CpQ061i4mA==
  dependencies:
    ansi-styles "^4.1.0"
    supports-color "^7.1.0"

chownr@^3.0.0:
  version "3.0.0"

cliui@^8.0.1:
  version "8.0.1"
  resolved "https://registry.npmjs.org/cliui/-/cliui-8.0.1.tgz"
  integrity sha512-BSeNnyus75C4//NQ9gQt1/csTXyo/8Sb+afLAkzAptFuMsod9HFokGNudZpi/oQV73hnVK+sR+5PVRMd+Dr7YQ==
  dependencies:
    string-width "^4.2.0"
    strip-ansi "^6.0.1"
    wrap-ansi "^7.0.0"

color-convert@^2.0.1:
  version "2.0.1"
  resolved "https://registry.npmjs.org/color-convert/-/color-convert-2.0.1.tgz"
  integrity sha512-RRECPsj7iu/xb5oKYcsFHSppFNnsj/52OVTRKb4zP5onXwVF3zVmmToNcOfGC+CRDpfK/U584fMg38ZHCaElKQ==
  dependencies:
    color-name "~1.1.4"

color-name@~1.1.4:
  version "1.1.4"
  resolved "https://registry.npmjs.org/color-name/-/color-name-1.1.4.tgz"
  integrity sha512-dOy+3AuW3a2wNbZHIuMZpTcgjGuLU/uBL/ubcZF9OXbDo8ff4O8yVp5Bf0efS8uEoYo5q4Fx7dY9OgQGXgAsQA==

combined-stream@^1.0.8:
  version "1.0.8"
  resolved "https://registry.npmjs.org/combined-stream/-/combined-stream-1.0.8.tgz"
  integrity sha512-FQN4MRfuJeHf7cBbBMJFXhKSDq+2kAArBlmRBvcvFE5BB1HZKXtSFASDhdlz9zOYwxh8lDdnvmMOe/+5cdoEdg==
  dependencies:
    delayed-stream "~1.0.0"

concurrently@^9.2.0:
  version "9.2.0"
  dependencies:
    chalk "^4.1.2"
    lodash "^4.17.21"
    rxjs "^7.8.1"
    shell-quote "^1.8.1"
    supports-color "^8.1.1"
    tree-kill "^1.2.2"
    yargs "^17.7.2"

confbox@^0.1.8:
  version "0.1.8"
  resolved "https://registry.npmjs.org/confbox/-/confbox-0.1.8.tgz"
  integrity sha512-RMtmw0iFkeR4YV+fUOSucriAQNb9g8zFR52MWCtl+cCZOFRNL6zeB395vPzFhEjjn4fMxXudmELnl/KF/WrK6w==

confbox@^0.2.1:
  version "0.2.2"
  resolved "https://registry.npmjs.org/confbox/-/confbox-0.2.2.tgz"
  integrity sha512-1NB+BKqhtNipMsov4xI/NnhCKp9XG9NamYp5PVm9klAT0fsrNPjaFICsCFhNhwZJKNh7zB/3q8qXz0E9oaMNtQ==

confetti-js@^0.0.18:
  version "0.0.18"
  resolved "https://registry.npmjs.org/confetti-js/-/confetti-js-0.0.18.tgz"
  integrity sha512-0B7pYmZGBZuBkN32ydjWRpJLfRUT9KZYkQKkC4SGrAsUq0XE2DLY5foCWBXMXXVg7sFKs3qIb+qsDx1eFTeSvA==

cssesc@^3.0.0:
  version "3.0.0"
  resolved "https://registry.npmjs.org/cssesc/-/cssesc-3.0.0.tgz"
  integrity sha512-/Tb/JcjK111nNScGob5MNtsntNM1aCNUDipB/TkwZFhyDrrE47SOx/18wF2bbjgc3ZzCSKW1T5nt5EbFoAz/Vg==

debug@^4.4.0:
  version "4.4.1"
  dependencies:
    ms "^2.1.3"

delayed-stream@~1.0.0:
  version "1.0.0"
  resolved "https://registry.npmjs.org/delayed-stream/-/delayed-stream-1.0.0.tgz"
  integrity sha512-ZySD7Nf91aLB0RxL4KGrKHBXl7Eds1DAmEdcoVawXnLD7SDhpNgtuII2aAkg7a7QS41jxPSZ17p4VdGnMHk3MQ==

detect-libc@^2.0.3:
  version "2.0.3"
  resolved "https://registry.npmjs.org/detect-libc/-/detect-libc-2.0.3.tgz"
  integrity sha512-bwy0MGW55bG41VqxxypOsdSdGqLwXPI/focwgTYCFMbdUiBAxLg9CFzG08sz2aqzknwiX7Hkl0bQENjg8iLByw==

detect-libc@^2.0.4:
  version "2.0.4"

dunder-proto@^1.0.1:
  version "1.0.1"
  resolved "https://registry.npmjs.org/dunder-proto/-/dunder-proto-1.0.1.tgz"
  integrity sha512-KIN/nDJBQRcXw0MLVhZE9iQHmG68qAVIBg9CqmUYjmQIhgij9U5MFvrqkUL5FbtyyzZuOeOt0zdeRe4UY7ct+A==
  dependencies:
    call-bind-apply-helpers "^1.0.1"
    es-errors "^1.3.0"
    gopd "^1.2.0"

emoji-regex@^8.0.0:
  version "8.0.0"
  resolved "https://registry.npmjs.org/emoji-regex/-/emoji-regex-8.0.0.tgz"
  integrity sha512-MSjYzcWNOA0ewAHpz0MxpYFvwg6yjy1NG3xteoqz644VCo/RPgnr1/GGt+ic3iJTzQ8Eu3TdM14SawnVUmGE6A==

enhanced-resolve@^5.18.1:
  version "5.18.1"
  resolved "https://registry.npmjs.org/enhanced-resolve/-/enhanced-resolve-5.18.1.tgz"
  integrity sha512-ZSW3ma5GkcQBIpwZTSRAI8N71Uuwgs93IezB7mf7R60tC8ZbJideoDNKjHn2O9KIlx6rkGTTEk1xUCK2E1Y2Yg==
  dependencies:
    graceful-fs "^4.2.4"
    tapable "^2.2.0"

es-define-property@^1.0.1:
  version "1.0.1"
  resolved "https://registry.npmjs.org/es-define-property/-/es-define-property-1.0.1.tgz"
  integrity sha512-e3nRfgfUZ4rNGL232gUgX06QNyyez04KdjFrF+LTRoOXmrOgFKDg4BCdsjW8EnT69eqdYGmRpJwiPVYNrCaW3g==

es-errors@^1.3.0:
  version "1.3.0"
  resolved "https://registry.npmjs.org/es-errors/-/es-errors-1.3.0.tgz"
  integrity sha512-Zf5H2Kxt2xjTvbJvP2ZWLEICxA6j+hAmMzIlypy4xcBg1vKVnx89Wy0GbS+kf5cwCVFFzdCFh2XSCFNULS6csw==

es-object-atoms@^1.0.0, es-object-atoms@^1.1.1:
  version "1.1.1"
  resolved "https://registry.npmjs.org/es-object-atoms/-/es-object-atoms-1.1.1.tgz"
  integrity sha512-FGgH2h8zKNim9ljj7dankFPcICIK9Cp5bm+c2gQSYePhpaG5+esrLODihIorn+Pe6FGJzWhXQotPv73jTaldXA==
  dependencies:
    es-errors "^1.3.0"

es-set-tostringtag@^2.1.0:
  version "2.1.0"
  resolved "https://registry.npmjs.org/es-set-tostringtag/-/es-set-tostringtag-2.1.0.tgz"
  integrity sha512-j6vWzfrGVfyXxge+O0x5sh6cvxAog0a/4Rdd2K36zCMV5eJ+/+tOAngRO8cODMNWbVRdVlmGZQL2YS3yR8bIUA==
  dependencies:
    es-errors "^1.3.0"
    get-intrinsic "^1.2.6"
    has-tostringtag "^1.0.2"
    hasown "^2.0.2"

esbuild@^0.25.0:
  version "0.25.5"
  optionalDependencies:
    "@esbuild/aix-ppc64" "0.25.5"
    "@esbuild/android-arm" "0.25.5"
    "@esbuild/android-arm64" "0.25.5"
    "@esbuild/android-x64" "0.25.5"
    "@esbuild/darwin-arm64" "0.25.5"
    "@esbuild/darwin-x64" "0.25.5"
    "@esbuild/freebsd-arm64" "0.25.5"
    "@esbuild/freebsd-x64" "0.25.5"
    "@esbuild/linux-arm" "0.25.5"
    "@esbuild/linux-arm64" "0.25.5"
    "@esbuild/linux-ia32" "0.25.5"
    "@esbuild/linux-loong64" "0.25.5"
    "@esbuild/linux-mips64el" "0.25.5"
    "@esbuild/linux-ppc64" "0.25.5"
    "@esbuild/linux-riscv64" "0.25.5"
    "@esbuild/linux-s390x" "0.25.5"
    "@esbuild/linux-x64" "0.25.5"
    "@esbuild/netbsd-arm64" "0.25.5"
    "@esbuild/netbsd-x64" "0.25.5"
    "@esbuild/openbsd-arm64" "0.25.5"
    "@esbuild/openbsd-x64" "0.25.5"
    "@esbuild/sunos-x64" "0.25.5"
    "@esbuild/win32-arm64" "0.25.5"
    "@esbuild/win32-ia32" "0.25.5"
    "@esbuild/win32-x64" "0.25.5"

escalade@^3.1.1:
  version "3.2.0"
  resolved "https://registry.npmjs.org/escalade/-/escalade-3.2.0.tgz"
  integrity sha512-WUj2qlxaQtO4g6Pq5c29GTcWGDyd8itL8zTlipgECz3JesAiiOKotd8JU6otB3PACgG6xkJUyVhboMS+bje/jA==

exsolve@^1.0.1:
  version "1.0.5"

fdir@^6.4.4:
  version "6.4.6"

flyonui@^2.2.0:
  version "2.2.0"
  dependencies:
    "@floating-ui/dom" "^1.6.13"

follow-redirects@^1.15.6:
  version "1.15.9"
  resolved "https://registry.npmjs.org/follow-redirects/-/follow-redirects-1.15.9.tgz"
  integrity sha512-gew4GsXizNgdoRyqmyfMHyAmXsZDk6mHkSxZFCzW9gwlbtOW44CDtYavM+y+72qD/Vq2l550kMF52DT8fOLJqQ==

form-data@^4.0.0:
  version "4.0.3"
  dependencies:
    asynckit "^0.4.0"
    combined-stream "^1.0.8"
    es-set-tostringtag "^2.1.0"
    hasown "^2.0.2"
    mime-types "^2.1.12"

function-bind@^1.1.2:
  version "1.1.2"
  resolved "https://registry.npmjs.org/function-bind/-/function-bind-1.1.2.tgz"
  integrity sha512-7XHNxH7qX9xG5mIwxkhumTox/MIRNcOgDrxWsMt2pAr23WHp6MrRlN7FBSFpCpr+oVO0F744iUgR82nJMfG2SA==

get-caller-file@^2.0.5:
  version "2.0.5"
  resolved "https://registry.npmjs.org/get-caller-file/-/get-caller-file-2.0.5.tgz"
  integrity sha512-DyFP3BM/3YHTQOCUL/w0OZHR0lpKeGrxotcHWcqNEdnltqFwXVfhEBQ94eIo34AfQpo0rGki4cyIiftY06h2Fg==

get-intrinsic@^1.2.6:
  version "1.3.0"
  resolved "https://registry.npmjs.org/get-intrinsic/-/get-intrinsic-1.3.0.tgz"
  integrity sha512-9fSjSaos/fRIVIp+xSJlE6lfwhES7LNtKaCBIamHsjr2na1BiABJPo0mOjjz8GJDURarmCPGqaiVg5mfjb98CQ==
  dependencies:
    call-bind-apply-helpers "^1.0.2"
    es-define-property "^1.0.1"
    es-errors "^1.3.0"
    es-object-atoms "^1.1.1"
    function-bind "^1.1.2"
    get-proto "^1.0.1"
    gopd "^1.2.0"
    has-symbols "^1.1.0"
    hasown "^2.0.2"
    math-intrinsics "^1.1.0"

get-proto@^1.0.1:
  version "1.0.1"
  resolved "https://registry.npmjs.org/get-proto/-/get-proto-1.0.1.tgz"
  integrity sha512-sTSfBjoXBp89JvIKIefqw7U2CCebsc74kiY6awiGogKtoSGbgjYE/G/+l9sF3MWFPNc9IcoOC4ODfKHfxFmp0g==
  dependencies:
    dunder-proto "^1.0.1"
    es-object-atoms "^1.0.0"

globals@^15.14.0:
  version "15.15.0"
  resolved "https://registry.npmjs.org/globals/-/globals-15.15.0.tgz"
  integrity sha512-7ACyT3wmyp3I61S4fG682L0VA2RGD9otkqGJIwNUMF1SWUombIIk+af1unuDYgMm082aHYwD+mzJvv9Iu8dsgg==

gopd@^1.2.0:
  version "1.2.0"
  resolved "https://registry.npmjs.org/gopd/-/gopd-1.2.0.tgz"
  integrity sha512-ZUKRh6/kUFoAiTAtTYPZJ3hw9wNxx+BIBOijnlG9PnrJsCcSjs1wyyD6vJpaYtgnzDrKYRSqf3OO6Rfa93xsRg==

graceful-fs@^4.2.4:
  version "4.2.11"
  resolved "https://registry.npmjs.org/graceful-fs/-/graceful-fs-4.2.11.tgz"
  integrity sha512-RbJ5/jmFcNNCcDV5o9eTnBLJ/HszWV0P73bc+Ff4nS/rJj+YaS6IGyiOL0VoBYX+l1Wrl3k63h/KrH+nhJ0XvQ==

has-flag@^4.0.0:
  version "4.0.0"
  resolved "https://registry.npmjs.org/has-flag/-/has-flag-4.0.0.tgz"
  integrity sha512-EykJT/Q1KjTWctppgIAgfSO0tKVuZUjhgMr17kqTumMl6Afv3EISleU7qZUzoXDFTAHTDC4NOoG/ZxU3EvlMPQ==

has-symbols@^1.0.3, has-symbols@^1.1.0:
  version "1.1.0"
  resolved "https://registry.npmjs.org/has-symbols/-/has-symbols-1.1.0.tgz"
  integrity sha512-1cDNdwJ2Jaohmb3sg4OmKaMBwuC48sYni5HUw2DvsC8LjGTLK9h+eb1X6RyuOHe4hT0ULCW68iomhjUoKUqlPQ==

has-tostringtag@^1.0.2:
  version "1.0.2"
  resolved "https://registry.npmjs.org/has-tostringtag/-/has-tostringtag-1.0.2.tgz"
  integrity sha512-NqADB8VjPFLM2V0VvHUewwwsw0ZWBaIdgo+ieHtK3hasLz4qeCRjYcqfB6AQrBggRKppKF8L52/VqdVsO47Dlw==
  dependencies:
    has-symbols "^1.0.3"

hasown@^2.0.2:
  version "2.0.2"
  resolved "https://registry.npmjs.org/hasown/-/hasown-2.0.2.tgz"
  integrity sha512-0hJU9SCPvmMzIBdZFqNPXWa6dqh7WdH0cII9y+CyS8rG3nL48Bclra9HmKhVVUHyPWNH5Y7xDwAB7bfgSjkUMQ==
  dependencies:
    function-bind "^1.1.2"

is-fullwidth-code-point@^3.0.0:
  version "3.0.0"
  resolved "https://registry.npmjs.org/is-fullwidth-code-point/-/is-fullwidth-code-point-3.0.0.tgz"
  integrity sha512-zymm5+u+sCsSWyD9qNaejV3DFvhCKclKdizYaJUuHA83RLjb7nSuGnddCHGv0hk+KY7BMAlsWeK4Ueg6EV6XQg==

jiti@^2.4.2, jiti@>=1.21.0:
  version "2.4.2"
  resolved "https://registry.npmjs.org/jiti/-/jiti-2.4.2.tgz"
  integrity sha512-rg9zJN+G4n2nfJl5MW3BMygZX56zKPNVEYYqq7adpmMh4Jn2QNEwhvQlFy6jPVdcod7txZtKHWnyZiA3a0zP7A==

kolorist@^1.8.0:
  version "1.8.0"
  resolved "https://registry.npmjs.org/kolorist/-/kolorist-1.8.0.tgz"
  integrity sha512-Y+60/zizpJ3HRH8DCss+q95yr6145JXZo46OTpFvDZWLfRCE4qChOyk1b26nMaNpfHHgxagk9dXT5OP0Tfe+dQ==

laravel-vite-plugin@^1.3.0:
  version "1.3.0"
  dependencies:
    picocolors "^1.0.0"
    vite-plugin-full-reload "^1.1.0"

lightningcss-linux-x64-gnu@1.30.1:
  version "1.30.1"

lightningcss-linux-x64-musl@1.30.1:
  version "1.30.1"

lightningcss@^1.21.0, lightningcss@1.30.1:
  version "1.30.1"
  dependencies:
    detect-libc "^2.0.3"
  optionalDependencies:
    lightningcss-darwin-arm64 "1.30.1"
    lightningcss-darwin-x64 "1.30.1"
    lightningcss-freebsd-x64 "1.30.1"
    lightningcss-linux-arm-gnueabihf "1.30.1"
    lightningcss-linux-arm64-gnu "1.30.1"
    lightningcss-linux-arm64-musl "1.30.1"
    lightningcss-linux-x64-gnu "1.30.1"
    lightningcss-linux-x64-musl "1.30.1"
    lightningcss-win32-arm64-msvc "1.30.1"
    lightningcss-win32-x64-msvc "1.30.1"

local-pkg@^1.0.0:
  version "1.1.1"
  resolved "https://registry.npmjs.org/local-pkg/-/local-pkg-1.1.1.tgz"
  integrity sha512-WunYko2W1NcdfAFpuLUoucsgULmgDBRkdxHxWQ7mK0cQqwPiy8E1enjuRBrhLtZkB5iScJ1XIPdhVEFK8aOLSg==
  dependencies:
    mlly "^1.7.4"
    pkg-types "^2.0.1"
    quansync "^0.2.8"

lodash.castarray@^4.4.0:
  version "4.4.0"
  resolved "https://registry.npmjs.org/lodash.castarray/-/lodash.castarray-4.4.0.tgz"
  integrity sha512-aVx8ztPv7/2ULbArGJ2Y42bG1mEQ5mGjpdvrbJcJFU3TbYybe+QlLS4pst9zV52ymy2in1KpFPiZnAOATxD4+Q==

lodash.isplainobject@^4.0.6:
  version "4.0.6"
  resolved "https://registry.npmjs.org/lodash.isplainobject/-/lodash.isplainobject-4.0.6.tgz"
  integrity sha512-oSXzaWypCMHkPC3NvBEaPHf0KsA5mvPrOPgQWDsbg8n7orZ290M0BmC/jgRZ4vcJ6DTAhjrsSYgdsW/F+MFOBA==

lodash.merge@^4.6.2:
  version "4.6.2"
  resolved "https://registry.npmjs.org/lodash.merge/-/lodash.merge-4.6.2.tgz"
  integrity sha512-0KpjqXRVvrYyCsX1swR/XTK0va6VQkQM6MNo7PqW77ByjAhoARA8EfrP1N4+KlKj8YS0ZUCtRT/YUuhyYDujIQ==

lodash@^4.17.21:
  version "4.17.21"
  resolved "https://registry.npmjs.org/lodash/-/lodash-4.17.21.tgz"
  integrity sha512-v2kDEe57lecTulaDIuNTPy3Ry4gLGJ6Z1O3vE1krgXZNrsQ+LFTGHVxVjcXPs17LhbZVGedAJv8XZ1tvj5FvSg==

magic-string@^0.30.17:
  version "0.30.17"
  dependencies:
    "@jridgewell/sourcemap-codec" "^1.5.0"

math-intrinsics@^1.1.0:
  version "1.1.0"
  resolved "https://registry.npmjs.org/math-intrinsics/-/math-intrinsics-1.1.0.tgz"
  integrity sha512-/IXtbwEk5HTPyEwyKX6hGkYXxM9nbj64B+ilVJnC/R6B0pH5G4V3b0pVbL7DBj4tkhBAppbQUlf6F6Xl9LHu1g==

mime-db@1.52.0:
  version "1.52.0"
  resolved "https://registry.npmjs.org/mime-db/-/mime-db-1.52.0.tgz"
  integrity sha512-sPU4uV7dYlvtWJxwwxHD0PuihVNiE7TyAbQ5SWxDCB9mUYvOgroQOwYQQOKPJ8CIbE+1ETVlOoK1UC2nU3gYvg==

mime-types@^2.1.12:
  version "2.1.35"
  resolved "https://registry.npmjs.org/mime-types/-/mime-types-2.1.35.tgz"
  integrity sha512-ZDY+bPm5zTTF+YpCrAU9nK0UgICYPT0QtT1NZWFv4s++TNkcgVaT0g6+4R2uI4MjQjzysHB1zxuWL50hzaeXiw==
  dependencies:
    mime-db "1.52.0"

mini-svg-data-uri@^1.2.3:
  version "1.4.4"
  resolved "https://registry.npmjs.org/mini-svg-data-uri/-/mini-svg-data-uri-1.4.4.tgz"
  integrity sha512-r9deDe9p5FJUPZAk3A59wGH7Ii9YrjjWw0jmw/liSbHl2CHiyXj6FcDXDu2K3TjVAXqiJdaw3xxwlZZr9E6nHg==

minipass@^7.0.4, minipass@^7.1.2:
  version "7.1.2"

minizlib@^3.0.1:
  version "3.0.2"
  dependencies:
    minipass "^7.1.2"

mkdirp@^3.0.1:
  version "3.0.1"

mlly@^1.7.4:
  version "1.7.4"
  resolved "https://registry.npmjs.org/mlly/-/mlly-1.7.4.tgz"
  integrity sha512-qmdSIPC4bDJXgZTCR7XosJiNKySV7O215tsPtDN9iEO/7q/76b/ijtgRu/+epFXSJhijtTCCGp3DWS549P3xKw==
  dependencies:
    acorn "^8.14.0"
    pathe "^2.0.1"
    pkg-types "^1.3.0"
    ufo "^1.5.4"

ms@^2.1.3:
  version "2.1.3"
  resolved "https://registry.npmjs.org/ms/-/ms-2.1.3.tgz"
  integrity sha512-6FlzubTLZG3J2a/NVCAleEhjzq5oxgHyaCU9yYXvcLsvoVaHJq/s5xXI6/XXP6tz7R9xAOtHnSO/tXtF3WRTlA==

nanoid@^3.3.11, nanoid@^3.3.8:
  version "3.3.11"
  resolved "https://registry.npmjs.org/nanoid/-/nanoid-3.3.11.tgz"
  integrity sha512-N8SpfPUnUp1bK+PMYW8qSWdl9U+wwNWI4QKxOYDy9JAro3WMX7p2OeVRF9v+347pnakNevPmiHhNmZ2HbFA76w==

package-manager-detector@^1.3.0:
  version "1.3.0"

pathe@^1.1.2:
  version "1.1.2"
  resolved "https://registry.npmjs.org/pathe/-/pathe-1.1.2.tgz"
  integrity sha512-whLdWMYL2TwI08hn8/ZqAbrVemu0LNaNNJZX73O6qaIdCTfXutsLhMkjdENX0qhsQ9uIimo4/aQOmXkoon2nDQ==

pathe@^2.0.1:
  version "2.0.3"
  resolved "https://registry.npmjs.org/pathe/-/pathe-2.0.3.tgz"
  integrity sha512-WUjGcAqP1gQacoQe+OBJsFA7Ld4DyXuUIjZ5cc75cLHvJ7dtNsTugphxIADwspS+AraAUePCKrSVtPLFj/F88w==

pathe@^2.0.3:
  version "2.0.3"
  resolved "https://registry.npmjs.org/pathe/-/pathe-2.0.3.tgz"
  integrity sha512-WUjGcAqP1gQacoQe+OBJsFA7Ld4DyXuUIjZ5cc75cLHvJ7dtNsTugphxIADwspS+AraAUePCKrSVtPLFj/F88w==

picocolors@^1.0.0, picocolors@^1.1.1:
  version "1.1.1"
  resolved "https://registry.npmjs.org/picocolors/-/picocolors-1.1.1.tgz"
  integrity sha512-xceH2snhtb5M9liqDsmEw56le376mTZkEX/jEb/RxNFyegNul7eNslCXP9FDj/Lcu0X8KEyMceP2ntpaHrDEVA==

picomatch@^2.3.1:
  version "2.3.1"
  resolved "https://registry.npmjs.org/picomatch/-/picomatch-2.3.1.tgz"
  integrity sha512-JU3teHTNjmE2VCGFzuY8EXzCDVwEqB2a8fsIvwaStHhAWJEeVd1o1QD80CU6+ZdEXXSLbSsuLwJjkCBWqRQUVA==

"picomatch@^3 || ^4", picomatch@^4.0.2:
  version "4.0.2"

pkg-types@^1.3.0:
  version "1.3.1"
  resolved "https://registry.npmjs.org/pkg-types/-/pkg-types-1.3.1.tgz"
  integrity sha512-/Jm5M4RvtBFVkKWRu2BLUTNP8/M2a+UwuAX+ae4770q1qVGtfjG+WTCupoZixokjmHiry8uI+dlY8KXYV5HVVQ==
  dependencies:
    confbox "^0.1.8"
    mlly "^1.7.4"
    pathe "^2.0.1"

pkg-types@^2.0.1:
  version "2.1.0"
  resolved "https://registry.npmjs.org/pkg-types/-/pkg-types-2.1.0.tgz"
  integrity sha512-wmJwA+8ihJixSoHKxZJRBQG1oY8Yr9pGLzRmSsNms0iNWyHHAlZCa7mmKiFR10YPZuz/2k169JiS/inOjBCZ2A==
  dependencies:
    confbox "^0.2.1"
    exsolve "^1.0.1"
    pathe "^2.0.3"

postcss-selector-parser@6.0.10:
  version "6.0.10"
  resolved "https://registry.npmjs.org/postcss-selector-parser/-/postcss-selector-parser-6.0.10.tgz"
  integrity sha512-IQ7TZdoaqbT+LCpShg46jnZVlhWD2w6iQYAcYXfHARZ7X1t/UGhhceQDs5X0cGqKvYlHNOuv7Oa1xmb0oQuA3w==
  dependencies:
    cssesc "^3.0.0"
    util-deprecate "^1.0.2"

postcss@^8.4.41:
  version "8.5.3"
  resolved "https://registry.npmjs.org/postcss/-/postcss-8.5.3.tgz"
  integrity sha512-dle9A3yYxlBSrt8Fu+IpjGT8SY8hN0mlaA6GY8t0P5PjIOZemULz/E2Bnm/2dcUOena75OTNkHI76uZBNUUq3A==
  dependencies:
    nanoid "^3.3.8"
    picocolors "^1.1.1"
    source-map-js "^1.2.1"

postcss@^8.5.3:
  version "8.5.3"
  resolved "https://registry.npmjs.org/postcss/-/postcss-8.5.3.tgz"
  integrity sha512-dle9A3yYxlBSrt8Fu+IpjGT8SY8hN0mlaA6GY8t0P5PjIOZemULz/E2Bnm/2dcUOena75OTNkHI76uZBNUUq3A==
  dependencies:
    nanoid "^3.3.8"
    picocolors "^1.1.1"
    source-map-js "^1.2.1"

postcss@^8.5.6:
  version "8.5.6"
  dependencies:
    nanoid "^3.3.11"
    picocolors "^1.1.1"
    source-map-js "^1.2.1"

proxy-from-env@^1.1.0:
  version "1.1.0"
  resolved "https://registry.npmjs.org/proxy-from-env/-/proxy-from-env-1.1.0.tgz"
  integrity sha512-D+zkORCbA9f1tdWRK0RaCR3GPv50cMxcrz4X8k5LTSUD1Dkw47mKJEZQNunItRTkWwgtaUSo1RVFRIG9ZXiFYg==

quansync@^0.2.8:
  version "0.2.10"
  resolved "https://registry.npmjs.org/quansync/-/quansync-0.2.10.tgz"
  integrity sha512-t41VRkMYbkHyCYmOvx/6URnN80H7k4X0lLdBMGsz+maAwrJQYB1djpV6vHrQIBE0WBSGqhtEHrK9U3DWWH8v7A==

require-directory@^2.1.1:
  version "2.1.1"
  resolved "https://registry.npmjs.org/require-directory/-/require-directory-2.1.1.tgz"
  integrity sha512-fGxEI7+wsG9xrvdjsrlmL22OMTTiHRwAMroiEeMgq8gzoLC/PQr7RsRDSTLUg/bZAZtF+TVIkHc6/4RIKrui+Q==

rollup@^4.34.9:
  version "4.43.0"
  dependencies:
    "@types/estree" "1.0.7"
  optionalDependencies:
    "@rollup/rollup-android-arm-eabi" "4.43.0"
    "@rollup/rollup-android-arm64" "4.43.0"
    "@rollup/rollup-darwin-arm64" "4.43.0"
    "@rollup/rollup-darwin-x64" "4.43.0"
    "@rollup/rollup-freebsd-arm64" "4.43.0"
    "@rollup/rollup-freebsd-x64" "4.43.0"
    "@rollup/rollup-linux-arm-gnueabihf" "4.43.0"
    "@rollup/rollup-linux-arm-musleabihf" "4.43.0"
    "@rollup/rollup-linux-arm64-gnu" "4.43.0"
    "@rollup/rollup-linux-arm64-musl" "4.43.0"
    "@rollup/rollup-linux-loongarch64-gnu" "4.43.0"
    "@rollup/rollup-linux-powerpc64le-gnu" "4.43.0"
    "@rollup/rollup-linux-riscv64-gnu" "4.43.0"
    "@rollup/rollup-linux-riscv64-musl" "4.43.0"
    "@rollup/rollup-linux-s390x-gnu" "4.43.0"
    "@rollup/rollup-linux-x64-gnu" "4.43.0"
    "@rollup/rollup-linux-x64-musl" "4.43.0"
    "@rollup/rollup-win32-arm64-msvc" "4.43.0"
    "@rollup/rollup-win32-ia32-msvc" "4.43.0"
    "@rollup/rollup-win32-x64-msvc" "4.43.0"
    fsevents "~2.3.2"

rxjs@^7.8.1:
  version "7.8.2"
  resolved "https://registry.npmjs.org/rxjs/-/rxjs-7.8.2.tgz"
  integrity sha512-dhKf903U/PQZY6boNNtAGdWbG85WAbjT/1xYoZIC7FAY0yWapOBQVsVrDl58W86//e1VpMNBtRV4MaXfdMySFA==
  dependencies:
    tslib "^2.1.0"

shell-quote@^1.8.1:
  version "1.8.3"

source-map-js@^1.2.1:
  version "1.2.1"
  resolved "https://registry.npmjs.org/source-map-js/-/source-map-js-1.2.1.tgz"
  integrity sha512-UXWMKhLOwVKb728IUtQPXxfYU+usdybtUrK/8uGE8CQMvrhOpwvzDBwj0QhSL7MQc7vIsISBG8VQ8+IDQxpfQA==

string-width@^4.1.0, string-width@^4.2.0, string-width@^4.2.3:
  version "4.2.3"
  resolved "https://registry.npmjs.org/string-width/-/string-width-4.2.3.tgz"
  integrity sha512-wKyQRQpjJ0sIp62ErSZdGsjMJWsap5oRNihHhu6G7JVO/9jIB6UyevL+tXuOqrng8j/cxKTWyWUwvSTriiZz/g==
  dependencies:
    emoji-regex "^8.0.0"
    is-fullwidth-code-point "^3.0.0"
    strip-ansi "^6.0.1"

strip-ansi@^6.0.0, strip-ansi@^6.0.1:
  version "6.0.1"
  resolved "https://registry.npmjs.org/strip-ansi/-/strip-ansi-6.0.1.tgz"
  integrity sha512-Y38VPSHcqkFrCpFnQ9vuSXmquuv5oXOKpGeT6aGrr3o3Gc9AlVa6JBfUSOCnbxGGZF+/0ooI7KrPuUSztUdU5A==
  dependencies:
    ansi-regex "^5.0.1"

supports-color@^7.1.0:
  version "7.2.0"
  resolved "https://registry.npmjs.org/supports-color/-/supports-color-7.2.0.tgz"
  integrity sha512-qpCAvRl9stuOHveKsn7HncJRvv501qIacKzQlO/+Lwxc9+0q2wLyv4Dfvt80/DPn2pqOBsJdDiogXGR9+OvwRw==
  dependencies:
    has-flag "^4.0.0"

supports-color@^8.1.1:
  version "8.1.1"
  resolved "https://registry.npmjs.org/supports-color/-/supports-color-8.1.1.tgz"
  integrity sha512-MpUEN2OodtUzxvKQl72cUF7RQ5EiHsGvSsVG0ia9c5RbWGL2CI4C7EpPS8UTBIplnlzZiNuV56w+FuNxy3ty2Q==
  dependencies:
    has-flag "^4.0.0"

tailwindcss@^4.1.11, "tailwindcss@>= 4", "tailwindcss@>=3.0.0 || >= 3.0.0-alpha.1 || >= 4.0.0-alpha.20 || >= 4.0.0-beta.1", "tailwindcss@>=3.0.0 || insiders || >=4.0.0-alpha.20 || >=4.0.0-beta.1", tailwindcss@4.1.11:
  version "4.1.11"

tapable@^2.2.0:
  version "2.2.2"

tar@^7.4.3:
  version "7.4.3"
  dependencies:
    "@isaacs/fs-minipass" "^4.0.0"
    chownr "^3.0.0"
    minipass "^7.1.2"
    minizlib "^3.0.1"
    mkdirp "^3.0.1"
    yallist "^5.0.0"

theme-change@^2.5.0:
  version "2.5.0"
  resolved "https://registry.npmjs.org/theme-change/-/theme-change-2.5.0.tgz"
  integrity sha512-B/UdsgdHAGhSKHTAQnxg/etN0RaMDpehuJmZIjLMDVJ6DGIliRHGD6pODi1CXLQAN9GV0GSyB3G6yCuK05PkPQ==

tinyexec@^1.0.1:
  version "1.0.1"

tinyglobby@^0.2.13:
  version "0.2.14"
  dependencies:
    fdir "^6.4.4"
    picomatch "^4.0.2"

tree-kill@^1.2.2:
  version "1.2.2"
  resolved "https://registry.npmjs.org/tree-kill/-/tree-kill-1.2.2.tgz"
  integrity sha512-L0Orpi8qGpRG//Nd+H90vFB+3iHnue1zSSGmNOOCh1GLJ7rUKVwV2HvijphGQS2UmhUZewS9VgvxYIdgr+fG1A==

tslib@^2.1.0:
  version "2.8.1"
  resolved "https://registry.npmjs.org/tslib/-/tslib-2.8.1.tgz"
  integrity sha512-oJFu94HQb+KVduSUQL7wnpmqnfmLsOA/nAh6b6EH0wCEoK0/mPeXU6c3wKDV83MkOuHPRHtSXKKU99IBazS/2w==

ufo@^1.5.4:
  version "1.6.1"
  resolved "https://registry.npmjs.org/ufo/-/ufo-1.6.1.tgz"
  integrity sha512-9a4/uxlTWJ4+a5i0ooc1rU7C7YOw3wT+UGqdeNNHWnOF9qcMBgLRS+4IYUqbczewFx4mLEig6gawh7X6mFlEkA==

util-deprecate@^1.0.2:
  version "1.0.2"
  resolved "https://registry.npmjs.org/util-deprecate/-/util-deprecate-1.0.2.tgz"
  integrity sha512-EPD5q1uXyFxJpCrLnCc1nHnq3gOa6DZBocAIiI2TaSCA7VCJ1UJDMagCzIkXNsUYfD1daK//LTEQ8xiIbrHtcw==

vite-plugin-full-reload@^1.1.0:
  version "1.2.0"
  resolved "https://registry.npmjs.org/vite-plugin-full-reload/-/vite-plugin-full-reload-1.2.0.tgz"
  integrity sha512-kz18NW79x0IHbxRSHm0jttP4zoO9P9gXh+n6UTwlNKnviTTEpOlum6oS9SmecrTtSr+muHEn5TUuC75UovQzcA==
  dependencies:
    picocolors "^1.0.0"
    picomatch "^2.3.1"

"vite@^5.0.0 || ^6.0.0", vite@^6.3.5:
  version "6.3.5"
  dependencies:
    esbuild "^0.25.0"
    fdir "^6.4.4"
    picomatch "^4.0.2"
    postcss "^8.5.3"
    rollup "^4.34.9"
    tinyglobby "^0.2.13"
  optionalDependencies:
    fsevents "~2.3.3"

wrap-ansi@^7.0.0:
  version "7.0.0"
  resolved "https://registry.npmjs.org/wrap-ansi/-/wrap-ansi-7.0.0.tgz"
  integrity sha512-YVGIj2kamLSTxw6NsZjoBxfSwsn0ycdesmc4p+Q21c5zPuZ1pl+NfxVdxPtdHvmNVOQ6XSYG4AUtyt/Fi7D16Q==
  dependencies:
    ansi-styles "^4.0.0"
    string-width "^4.1.0"
    strip-ansi "^6.0.0"

y18n@^5.0.5:
  version "5.0.8"
  resolved "https://registry.npmjs.org/y18n/-/y18n-5.0.8.tgz"
  integrity sha512-0pfFzegeDWJHJIAmTLRP2DwHjdF5s7jo9tuztdQxAhINCdvS+3nGINqPd00AphqJR/0LhANUS6/+7SCb98YOfA==

yallist@^5.0.0:
  version "5.0.0"

yargs-parser@^21.1.1:
  version "21.1.1"
  resolved "https://registry.npmjs.org/yargs-parser/-/yargs-parser-21.1.1.tgz"
  integrity sha512-tVpsJW7DdjecAiFpbIB1e3qxIQsE6NoPc5/eTdrbbIC4h0LVsWhnoa3g+m2HclBIujHzsxZ4VJVA+GUuc2/LBw==

yargs@^17.7.2:
  version "17.7.2"
  resolved "https://registry.npmjs.org/yargs/-/yargs-17.7.2.tgz"
  integrity sha512-7dSzzRQ++CKnNI/krKnYRV7JKKPUXMEh61soaHKg9mrWEhzFWhFnxPxGl+69cD1Ou63C13NUPCnmIcrvqCuM6w==
  dependencies:
    cliui "^8.0.1"
    escalade "^3.1.1"
    get-caller-file "^2.0.5"
    require-directory "^2.1.1"
    string-width "^4.2.3"
    y18n "^5.0.5"
    yargs-parser "^21.1.1"
